<?xml version="1.0" encoding="utf-8"?>
<Project ToolsVersion="4.0" xmlns="http://schemas.microsoft.com/developer/msbuild/2003">
  <ItemGroup>
    <Filter Include="Source Files">
      <UniqueIdentifier>{4FC737F1-C7A5-4376-A066-2A32D752A2FF}</UniqueIdentifier>
      <Extensions>cpp;c;cc;cxx;def;odl;idl;hpj;bat;asm;asmx</Extensions>
    </Filter>
    <Filter Include="Header Files">
      <UniqueIdentifier>{93995380-89BD-4b04-88EB-625FBE52EBFB}</UniqueIdentifier>
      <Extensions>h;hh;hpp;hxx;hm;inl;inc;xsd</Extensions>
    </Filter>
    <Filter Include="Resource Files">
      <UniqueIdentifier>{67DA6AB6-F800-4c08-8B7A-83BB121AAD01}</UniqueIdentifier>
      <Extensions>rc;ico;cur;bmp;dlg;rc2;rct;bin;rgs;gif;jpg;jpeg;jpe;resx;tiff;tif;png;wav;mfcribbon-ms</Extensions>
    </Filter>
    <Filter Include="Resource Files\Shaders">
      <UniqueIdentifier>{56898d25-a659-44b9-a90f-80a5448fae5a}</UniqueIdentifier>
    </Filter>
    <Filter Include="ShaderClasses">
      <UniqueIdentifier>{51d27a3b-cf84-4339-9598-49e948dd0086}</UniqueIdentifier>
    </Filter>
    <Filter Include="ResourceClasses">
      <UniqueIdentifier>{cc6effbf-adfb-4559-9972-c651e65d48f7}</UniqueIdentifier>
    </Filter>
  </ItemGroup>
  <ItemGroup>
    <ClCompile Include="main.cpp">
      <Filter>Source Files</Filter>
    </ClCompile>
    <ClCompile Include="Window.cpp">
      <Filter>Source Files</Filter>
    </ClCompile>
    <ClCompile Include="common.cpp">
      <Filter>Source Files</Filter>
    </ClCompile>
    <ClCompile Include="DirectXDevice.cpp">
      <Filter>Source Files</Filter>
    </ClCompile>
    <ClCompile Include="FullScreenQuad.cpp">
      <Filter>Source Files</Filter>
    </ClCompile>
    <ClCompile Include="Engine.cpp">
      <Filter>Source Files</Filter>
    </ClCompile>
    <ClCompile Include="Renderer.cpp">
      <Filter>Source Files</Filter>
    </ClCompile>
    <ClCompile Include="Timer.cpp">
      <Filter>Source Files</Filter>
    </ClCompile>
    <ClCompile Include="Camera.cpp">
      <Filter>Source Files</Filter>
    </ClCompile>
    <ClCompile Include="GeoBuffer.cpp">
      <Filter>Source Files</Filter>
    </ClCompile>
    <ClCompile Include="GeometryShader.cpp">
      <Filter>ShaderClasses</Filter>
    </ClCompile>
    <ClCompile Include="LightShader.cpp">
      <Filter>ShaderClasses</Filter>
    </ClCompile>
    <ClCompile Include="Actor.cpp">
      <Filter>Source Files</Filter>
    </ClCompile>
    <ClCompile Include="Texture.cpp">
      <Filter>ResourceClasses</Filter>
    </ClCompile>
    <ClCompile Include="Model.cpp">
      <Filter>ResourceClasses</Filter>
    </ClCompile>
    <ClCompile Include="Mesh.cpp">
      <Filter>ResourceClasses</Filter>
    </ClCompile>
    <ClCompile Include="UserInterface.cpp">
      <Filter>Source Files</Filter>
    </ClCompile>
  </ItemGroup>
  <ItemGroup>
    <ClInclude Include="common.h">
      <Filter>Header Files</Filter>
    </ClInclude>
    <ClInclude Include="Window.h">
      <Filter>Header Files</Filter>
    </ClInclude>
    <ClInclude Include="DirectXDevice.h">
      <Filter>Header Files</Filter>
    </ClInclude>
    <ClInclude Include="FullScreenQuad.h">
      <Filter>Header Files</Filter>
    </ClInclude>
    <ClInclude Include="Engine.h">
      <Filter>Header Files</Filter>
    </ClInclude>
    <ClInclude Include="Renderer.h">
      <Filter>Header Files</Filter>
    </ClInclude>
    <ClInclude Include="Timer.h">
      <Filter>Header Files</Filter>
    </ClInclude>
    <ClInclude Include="Camera.h">
      <Filter>Header Files</Filter>
    </ClInclude>
    <ClInclude Include="GeoBuffer.h">
      <Filter>Header Files</Filter>
    </ClInclude>
    <ClInclude Include="GeometryShader.h">
      <Filter>ShaderClasses</Filter>
    </ClInclude>
    <ClInclude Include="LightShader.h">
      <Filter>ShaderClasses</Filter>
    </ClInclude>
    <ClInclude Include="Actor.h">
      <Filter>Header Files</Filter>
    </ClInclude>
    <ClInclude Include="Texture.h">
      <Filter>ResourceClasses</Filter>
    </ClInclude>
    <ClInclude Include="Model.h">
      <Filter>ResourceClasses</Filter>
    </ClInclude>
    <ClInclude Include="Mesh.h">
      <Filter>ResourceClasses</Filter>
    </ClInclude>
    <ClInclude Include="UserInterface.h">
      <Filter>Header Files</Filter>
    </ClInclude>
  </ItemGroup>
  <ItemGroup>
    <None Include="GPixelShader.hlsl">
      <Filter>Resource Files\Shaders</Filter>
    </None>
    <None Include="GVertexShader.hlsl">
      <Filter>Resource Files\Shaders</Filter>
    </None>
    <None Include="LightPixelShader.hlsl">
      <Filter>Resource Files\Shaders</Filter>
    </None>
    <None Include="LightVertexShader.hlsl">
      <Filter>Resource Files\Shaders</Filter>
    </None>
    <None Include="Commons.hlsl">
      <Filter>Resource Files\Shaders</Filter>
    </None>
    <None Include="plightcount.hlsl">
      <Filter>Resource Files\Shaders</Filter>
    </None>
  </ItemGroup>
  <ItemGroup>
    <Text Include="shader-error.txt">
      <Filter>Resource Files\Shaders</Filter>
    </Text>
  </ItemGroup>
</Project>